
Microsoft Visual Studio Solution File, Format Version 12.00
# Visual Studio 2013
VisualStudioVersion = 12.0.21005.1
MinimumVisualStudioVersion = 10.0.40219.1
Project("{FAE04EC0-301F-11D3-BF4B-00C04F79EFBC}") = "GoogleAuthenticator", "GoogleAuthenticator.csproj", "{06C4C353-C3F5-42C4-8926-AB37CC87F16F}"
EndProject
Project("{FAE04EC0-301F-11D3-BF4B-00C04F79EFBC}") = "GoogleAuthenticator.Tests", "..\GoogleAuthenticator.Tests\GoogleAuthenticator.Tests.csproj", "{35440146-826D-44A4-B8C3-A156AB01A9A6}"
EndProject
Project("{2150E333-8FDC-42A3-9474-1A3956D46DE8}") = "Paraphernalia", "Paraphernalia", "{B393E75B-99F0-4E67-8AE3-E8E0E4A87831}"
	ProjectSection(SolutionItems) = preProject
		..\LICENSE.txt = ..\LICENSE.txt
		..\readme.md = ..\readme.md
	EndProjectSection
EndProject
Global
	GlobalSection(SolutionConfigurationPlatforms) = preSolution
		Debug|Any CPU = Debug|Any CPU
		Release|Any CPU = Release|Any CPU
	EndGlobalSection
	GlobalSection(ProjectConfigurationPlatforms) = postSolution
		{06C4C353-C3F5-42C4-8926-AB37CC87F16F}.Debug|Any CPU.ActiveCfg = Debug|Any CPU
		{06C4C353-C3F5-42C4-8926-AB37CC87F16F}.Debug|Any CPU.Build.0 = Debug|Any CPU
		{06C4C353-C3F5-42C4-8926-AB37CC87F16F}.Release|Any CPU.ActiveCfg = Release|Any CPU
		{06C4C353-C3F5-42C4-8926-AB37CC87F16F}.Release|Any CPU.Build.0 = Release|Any CPU
		{35440146-826D-44A4-B8C3-A156AB01A9A6}.Debug|Any CPU.ActiveCfg = Debug|Any CPU
		{35440146-826D-44A4-B8C3-A156AB01A9A6}.Debug|Any CPU.Build.0 = Debug|Any CPU
		{35440146-826D-44A4-B8C3-A156AB01A9A6}.Release|Any CPU.ActiveCfg = Release|Any CPU
		{35440146-826D-44A4-B8C3-A156AB01A9A6}.Release|Any CPU.Build.0 = Release|Any CPU
	EndGlobalSection
	GlobalSection(SolutionProperties) = preSolution
		HideSolutionNode = FALSE
	EndGlobalSection
EndGlobal
